
Microsoft Visual Studio Solution File, Format Version 12.00
# Visual Studio 14
VisualStudioVersion = 14.0.25420.1
MinimumVisualStudioVersion = 10.0.40219.1
Project("{2150E333-8FDC-42A3-9474-1A3956D46DE8}") = "src", "src", "{86081F92-ACBA-49CC-B4E0-4B0F9A9C646F}"
EndProject
Project("{2150E333-8FDC-42A3-9474-1A3956D46DE8}") = "Solution Items", "Solution Items", "{6F4B349F-61C6-4AEA-B657-A2433B9CF873}"
	ProjectSection(SolutionItems) = preProject
		global.json = global.json
	EndProjectSection
EndProject
Project("{8BB2217D-0F2D-49D1-97BC-3654ED321F3B}") = "HelloMvc", "src\HelloMvc\HelloMvc.xproj", "{6C8B62EE-3FB1-42E8-AD85-C55F0280DCE4}"
EndProject
Global
	GlobalSection(SolutionConfigurationPlatforms) = preSolution
		Debug|Any CPU = Debug|Any CPU
		Release|Any CPU = Release|Any CPU
	EndGlobalSection
	GlobalSection(ProjectConfigurationPlatforms) = postSolution
		{6C8B62EE-3FB1-42E8-AD85-C55F0280DCE4}.Debug|Any CPU.ActiveCfg = Debug|Any CPU
		{6C8B62EE-3FB1-42E8-AD85-C55F0280DCE4}.Debug|Any CPU.Build.0 = Debug|Any CPU
		{6C8B62EE-3FB1-42E8-AD85-C55F0280DCE4}.Release|Any CPU.ActiveCfg = Release|Any CPU
		{6C8B62EE-3FB1-42E8-AD85-C55F0280DCE4}.Release|Any CPU.Build.0 = Release|Any CPU
	EndGlobalSection
	GlobalSection(SolutionProperties) = preSolution
		HideSolutionNode = FALSE
	EndGlobalSection
	GlobalSection(NestedProjects) = preSolution
		{6C8B62EE-3FB1-42E8-AD85-C55F0280DCE4} = {86081F92-ACBA-49CC-B4E0-4B0F9A9C646F}
	EndGlobalSection
EndGlobal
